
Microsoft Visual Studio Solution File, Format Version 12.00
# Visual Studio Version 16
VisualStudioVersion = 16.0.30621.155
MinimumVisualStudioVersion = 10.0.40219.1
Project("{FAE04EC0-301F-11D3-BF4B-00C04F79EFBC}") = "LocalPublish", "LocalPublish\LocalPublish.csproj", "{ADD8C1A9-8B60-4EBC-8213-2ADD635D99F7}"
EndProject
Global
	GlobalSection(SolutionConfigurationPlatforms) = preSolution
		Debug|Any CPU = Debug|Any CPU
		Release|Any CPU = Release|Any CPU
	EndGlobalSection
	GlobalSection(ProjectConfigurationPlatforms) = postSolution
		{ADD8C1A9-8B60-4EBC-8213-2ADD635D99F7}.Debug|Any CPU.ActiveCfg = Debug|Any CPU
		{ADD8C1A9-8B60-4EBC-8213-2ADD635D99F7}.Debug|Any CPU.Build.0 = Debug|Any CPU
		{ADD8C1A9-8B60-4EBC-8213-2ADD635D99F7}.Release|Any CPU.ActiveCfg = Release|Any CPU
		{ADD8C1A9-8B60-4EBC-8213-2ADD635D99F7}.Release|Any CPU.Build.0 = Release|Any CPU
	EndGlobalSection
	GlobalSection(SolutionProperties) = preSolution
		HideSolutionNode = FALSE
	EndGlobalSection
	GlobalSection(ExtensibilityGlobals) = postSolution
		SolutionGuid = {01FD3AB9-23D3-4ACE-9683-53F5B10051CF}
	EndGlobalSection
EndGlobal
